// !$*UTF8*$!
{
	archiveVersion = 1;
	classes = {
	};
	objectVersion = 50;
	objects = {

/* Begin PBXBuildFile section */
		3EF6DF0590D49BDB305BC360 /* Pods_JsonTest_JsonTestUITests.framework in Frameworks */ = {isa = PBXBuildFile; fileRef = 1CABEAFC56E59D1A9A4D55E2 /* Pods_JsonTest_JsonTestUITests.framework */; };
		7B3C44A3266089F0007BA029 /* AppDelegate.swift in Sources */ = {isa = PBXBuildFile; fileRef = 7B3C44A2266089F0007BA029 /* AppDelegate.swift */; };
		7B3C44A5266089F0007BA029 /* SceneDelegate.swift in Sources */ = {isa = PBXBuildFile; fileRef = 7B3C44A4266089F0007BA029 /* SceneDelegate.swift */; };
		7B3C44A7266089F0007BA029 /* ViewController.swift in Sources */ = {isa = PBXBuildFile; fileRef = 7B3C44A6266089F0007BA029 /* ViewController.swift */; };
		7B3C44AA266089F0007BA029 /* Main.storyboard in Resources */ = {isa = PBXBuildFile; fileRef = 7B3C44A8266089F0007BA029 /* Main.storyboard */; };
		7B3C44AD266089F0007BA029 /* JsonTest.xcdatamodeld in Sources */ = {isa = PBXBuildFile; fileRef = 7B3C44AB266089F0007BA029 /* JsonTest.xcdatamodeld */; };
		7B3C44AF266089F0007BA029 /* Assets.xcassets in Resources */ = {isa = PBXBuildFile; fileRef = 7B3C44AE266089F0007BA029 /* Assets.xcassets */; };
		7B3C44B2266089F0007BA029 /* LaunchScreen.storyboard in Resources */ = {isa = PBXBuildFile; fileRef = 7B3C44B0266089F0007BA029 /* LaunchScreen.storyboard */; };
		7B3C44BD266089F0007BA029 /* JsonTestTests.swift in Sources */ = {isa = PBXBuildFile; fileRef = 7B3C44BC266089F0007BA029 /* JsonTestTests.swift */; };
		7B3C44C8266089F0007BA029 /* JsonTestUITests.swift in Sources */ = {isa = PBXBuildFile; fileRef = 7B3C44C7266089F0007BA029 /* JsonTestUITests.swift */; };
		82AB9CFE77E0BB7C1A547309 /* Pods_JsonTest.framework in Frameworks */ = {isa = PBXBuildFile; fileRef = 3E2CD04931536C1E595297F4 /* Pods_JsonTest.framework */; };
		FFF0A22EF7FA1FB6DD80BAE5 /* Pods_JsonTestTests.framework in Frameworks */ = {isa = PBXBuildFile; fileRef = 1A020D9594E06CC2A4138A50 /* Pods_JsonTestTests.framework */; };
/* End PBXBuildFile section */

/* Begin PBXContainerItemProxy section */
		7B3C44B9266089F0007BA029 /* PBXContainerItemProxy */ = {
			isa = PBXContainerItemProxy;
			containerPortal = 7B3C4497266089F0007BA029 /* Project object */;
			proxyType = 1;
			remoteGlobalIDString = 7B3C449E266089F0007BA029;
			remoteInfo = JsonTest;
		};
		7B3C44C4266089F0007BA029 /* PBXContainerItemProxy */ = {
			isa = PBXContainerItemProxy;
			containerPortal = 7B3C4497266089F0007BA029 /* Project object */;
			proxyType = 1;
			remoteGlobalIDString = 7B3C449E266089F0007BA029;
			remoteInfo = JsonTest;
		};
/* End PBXContainerItemProxy section */

/* Begin PBXFileReference section */
		1A020D9594E06CC2A4138A50 /* Pods_JsonTestTests.framework */ = {isa = PBXFileReference; explicitFileType = wrapper.framework; includeInIndex = 0; path = Pods_JsonTestTests.framework; sourceTree = BUILT_PRODUCTS_DIR; };
		1CABEAFC56E59D1A9A4D55E2 /* Pods_JsonTest_JsonTestUITests.framework */ = {isa = PBXFileReference; explicitFileType = wrapper.framework; includeInIndex = 0; path = Pods_JsonTest_JsonTestUITests.framework; sourceTree = BUILT_PRODUCTS_DIR; };
		3E2CD04931536C1E595297F4 /* Pods_JsonTest.framework */ = {isa = PBXFileReference; explicitFileType = wrapper.framework; includeInIndex = 0; path = Pods_JsonTest.framework; sourceTree = BUILT_PRODUCTS_DIR; };
		60DF96C34A1E0C5F063FF34F /* Pods-JsonTestTests.debug.xcconfig */ = {isa = PBXFileReference; includeInIndex = 1; lastKnownFileType = text.xcconfig; name = "Pods-JsonTestTests.debug.xcconfig"; path = "Target Support Files/Pods-JsonTestTests/Pods-JsonTestTests.debug.xcconfig"; sourceTree = "<group>"; };
		64C86BBB33489CFC24574E5F /* Pods-JsonTest.release.xcconfig */ = {isa = PBXFileReference; includeInIndex = 1; lastKnownFileType = text.xcconfig; name = "Pods-JsonTest.release.xcconfig"; path = "Target Support Files/Pods-JsonTest/Pods-JsonTest.release.xcconfig"; sourceTree = "<group>"; };
		7B3C449F266089F0007BA029 /* JsonTest.app */ = {isa = PBXFileReference; explicitFileType = wrapper.application; includeInIndex = 0; path = JsonTest.app; sourceTree = BUILT_PRODUCTS_DIR; };
		7B3C44A2266089F0007BA029 /* AppDelegate.swift */ = {isa = PBXFileReference; lastKnownFileType = sourcecode.swift; path = AppDelegate.swift; sourceTree = "<group>"; };
		7B3C44A4266089F0007BA029 /* SceneDelegate.swift */ = {isa = PBXFileReference; lastKnownFileType = sourcecode.swift; path = SceneDelegate.swift; sourceTree = "<group>"; };
		7B3C44A6266089F0007BA029 /* ViewController.swift */ = {isa = PBXFileReference; lastKnownFileType = sourcecode.swift; path = ViewController.swift; sourceTree = "<group>"; };
		7B3C44A9266089F0007BA029 /* Base */ = {isa = PBXFileReference; lastKnownFileType = file.storyboard; name = Base; path = Base.lproj/Main.storyboard; sourceTree = "<group>"; };
		7B3C44AC266089F0007BA029 /* JsonTest.xcdatamodel */ = {isa = PBXFileReference; lastKnownFileType = wrapper.xcdatamodel; path = JsonTest.xcdatamodel; sourceTree = "<group>"; };
		7B3C44AE266089F0007BA029 /* Assets.xcassets */ = {isa = PBXFileReference; lastKnownFileType = folder.assetcatalog; path = Assets.xcassets; sourceTree = "<group>"; };
		7B3C44B1266089F0007BA029 /* Base */ = {isa = PBXFileReference; lastKnownFileType = file.storyboard; name = Base; path = Base.lproj/LaunchScreen.storyboard; sourceTree = "<group>"; };
		7B3C44B3266089F0007BA029 /* Info.plist */ = {isa = PBXFileReference; lastKnownFileType = text.plist.xml; path = Info.plist; sourceTree = "<group>"; };
		7B3C44B8266089F0007BA029 /* JsonTestTests.xctest */ = {isa = PBXFileReference; explicitFileType = wrapper.cfbundle; includeInIndex = 0; path = JsonTestTests.xctest; sourceTree = BUILT_PRODUCTS_DIR; };
		7B3C44BC266089F0007BA029 /* JsonTestTests.swift */ = {isa = PBXFileReference; lastKnownFileType = sourcecode.swift; path = JsonTestTests.swift; sourceTree = "<group>"; };
		7B3C44BE266089F0007BA029 /* Info.plist */ = {isa = PBXFileReference; lastKnownFileType = text.plist.xml; path = Info.plist; sourceTree = "<group>"; };
		7B3C44C3266089F0007BA029 /* JsonTestUITests.xctest */ = {isa = PBXFileReference; explicitFileType = wrapper.cfbundle; includeInIndex = 0; path = JsonTestUITests.xctest; sourceTree = BUILT_PRODUCTS_DIR; };
		7B3C44C7266089F0007BA029 /* JsonTestUITests.swift */ = {isa = PBXFileReference; lastKnownFileType = sourcecode.swift; path = JsonTestUITests.swift; sourceTree = "<group>"; };
		7B3C44C9266089F0007BA029 /* Info.plist */ = {isa = PBXFileReference; lastKnownFileType = text.plist.xml; path = Info.plist; sourceTree = "<group>"; };
		901D581C9DE14D52D67F74ED /* Pods-JsonTest.debug.xcconfig */ = {isa = PBXFileReference; includeInIndex = 1; lastKnownFileType = text.xcconfig; name = "Pods-JsonTest.debug.xcconfig"; path = "Target Support Files/Pods-JsonTest/Pods-JsonTest.debug.xcconfig"; sourceTree = "<group>"; };
		C470178DE54E8BC2A7C07CFF /* Pods-JsonTest-JsonTestUITests.debug.xcconfig */ = {isa = PBXFileReference; includeInIndex = 1; lastKnownFileType = text.xcconfig; name = "Pods-JsonTest-JsonTestUITests.debug.xcconfig"; path = "Target Support Files/Pods-JsonTest-JsonTestUITests/Pods-JsonTest-JsonTestUITests.debug.xcconfig"; sourceTree = "<group>"; };
		E218F104113F0BFDBDD96014 /* Pods-JsonTestTests.release.xcconfig */ = {isa = PBXFileReference; includeInIndex = 1; lastKnownFileType = text.xcconfig; name = "Pods-JsonTestTests.release.xcconfig"; path = "Target Support Files/Pods-JsonTestTests/Pods-JsonTestTests.release.xcconfig"; sourceTree = "<group>"; };
		F70A4461ABC07D334E990404 /* Pods-JsonTest-JsonTestUITests.release.xcconfig */ = {isa = PBXFileReference; includeInIndex = 1; lastKnownFileType = text.xcconfig; name = "Pods-JsonTest-JsonTestUITests.release.xcconfig"; path = "Target Support Files/Pods-JsonTest-JsonTestUITests/Pods-JsonTest-JsonTestUITests.release.xcconfig"; sourceTree = "<group>"; };
/* End PBXFileReference section */

/* Begin PBXFrameworksBuildPhase section */
		7B3C449C266089F0007BA029 /* Frameworks */ = {
			isa = PBXFrameworksBuildPhase;
			buildActionMask = 2147483647;
			files = (
				82AB9CFE77E0BB7C1A547309 /* Pods_JsonTest.framework in Frameworks */,
			);
			runOnlyForDeploymentPostprocessing = 0;
		};
		7B3C44B5266089F0007BA029 /* Frameworks */ = {
			isa = PBXFrameworksBuildPhase;
			buildActionMask = 2147483647;
			files = (
				FFF0A22EF7FA1FB6DD80BAE5 /* Pods_JsonTestTests.framework in Frameworks */,
			);
			runOnlyForDeploymentPostprocessing = 0;
		};
		7B3C44C0266089F0007BA029 /* Frameworks */ = {
			isa = PBXFrameworksBuildPhase;
			buildActionMask = 2147483647;
			files = (
				3EF6DF0590D49BDB305BC360 /* Pods_JsonTest_JsonTestUITests.framework in Frameworks */,
			);
			runOnlyForDeploymentPostprocessing = 0;
		};
/* End PBXFrameworksBuildPhase section */

/* Begin PBXGroup section */
		7B3C4496266089F0007BA029 = {
			isa = PBXGroup;
			children = (
				7B3C44A1266089F0007BA029 /* JsonTest */,
				7B3C44BB266089F0007BA029 /* JsonTestTests */,
				7B3C44C6266089F0007BA029 /* JsonTestUITests */,
				7B3C44A0266089F0007BA029 /* Products */,
				D132096233BF7EC8BFFA4EC2 /* Pods */,
				A6157F563CAE645C2A033268 /* Frameworks */,
			);
			sourceTree = "<group>";
		};
		7B3C44A0266089F0007BA029 /* Products */ = {
			isa = PBXGroup;
			children = (
				7B3C449F266089F0007BA029 /* JsonTest.app */,
				7B3C44B8266089F0007BA029 /* JsonTestTests.xctest */,
				7B3C44C3266089F0007BA029 /* JsonTestUITests.xctest */,
			);
			name = Products;
			sourceTree = "<group>";
		};
		7B3C44A1266089F0007BA029 /* JsonTest */ = {
			isa = PBXGroup;
			children = (
				7B3C44A2266089F0007BA029 /* AppDelegate.swift */,
				7B3C44A4266089F0007BA029 /* SceneDelegate.swift */,
				7B3C44A6266089F0007BA029 /* ViewController.swift */,
				7B3C44A8266089F0007BA029 /* Main.storyboard */,
				7B3C44AE266089F0007BA029 /* Assets.xcassets */,
				7B3C44B0266089F0007BA029 /* LaunchScreen.storyboard */,
				7B3C44B3266089F0007BA029 /* Info.plist */,
				7B3C44AB266089F0007BA029 /* JsonTest.xcdatamodeld */,
			);
			path = JsonTest;
			sourceTree = "<group>";
		};
		7B3C44BB266089F0007BA029 /* JsonTestTests */ = {
			isa = PBXGroup;
			children = (
				7B3C44BC266089F0007BA029 /* JsonTestTests.swift */,
				7B3C44BE266089F0007BA029 /* Info.plist */,
			);
			path = JsonTestTests;
			sourceTree = "<group>";
		};
		7B3C44C6266089F0007BA029 /* JsonTestUITests */ = {
			isa = PBXGroup;
			children = (
				7B3C44C7266089F0007BA029 /* JsonTestUITests.swift */,
				7B3C44C9266089F0007BA029 /* Info.plist */,
			);
			path = JsonTestUITests;
			sourceTree = "<group>";
		};
		A6157F563CAE645C2A033268 /* Frameworks */ = {
			isa = PBXGroup;
			children = (
				3E2CD04931536C1E595297F4 /* Pods_JsonTest.framework */,
				1CABEAFC56E59D1A9A4D55E2 /* Pods_JsonTest_JsonTestUITests.framework */,
				1A020D9594E06CC2A4138A50 /* Pods_JsonTestTests.framework */,
			);
			name = Frameworks;
			sourceTree = "<group>";
		};
		D132096233BF7EC8BFFA4EC2 /* Pods */ = {
			isa = PBXGroup;
			children = (
				901D581C9DE14D52D67F74ED /* Pods-JsonTest.debug.xcconfig */,
				64C86BBB33489CFC24574E5F /* Pods-JsonTest.release.xcconfig */,
				C470178DE54E8BC2A7C07CFF /* Pods-JsonTest-JsonTestUITests.debug.xcconfig */,
				F70A4461ABC07D334E990404 /* Pods-JsonTest-JsonTestUITests.release.xcconfig */,
				60DF96C34A1E0C5F063FF34F /* Pods-JsonTestTests.debug.xcconfig */,
				E218F104113F0BFDBDD96014 /* Pods-JsonTestTests.release.xcconfig */,
			);
			name = Pods;
			path = Pods;
			sourceTree = "<group>";
		};
/* End PBXGroup section */

/* Begin PBXNativeTarget section */
		7B3C449E266089F0007BA029 /* JsonTest */ = {
			isa = PBXNativeTarget;
			buildConfigurationList = 7B3C44CC266089F0007BA029 /* Build configuration list for PBXNativeTarget "JsonTest" */;
			buildPhases = (
				B3D5FB92C5B7FD0BE36BB4E1 /* [CP] Check Pods Manifest.lock */,
				7B3C449B266089F0007BA029 /* Sources */,
				7B3C449C266089F0007BA029 /* Frameworks */,
				7B3C449D266089F0007BA029 /* Resources */,
				E1A0886B76F65F5FB1C6C676 /* [CP] Embed Pods Frameworks */,
			);
			buildRules = (
			);
			dependencies = (
			);
			name = JsonTest;
			productName = JsonTest;
			productReference = 7B3C449F266089F0007BA029 /* JsonTest.app */;
			productType = "com.apple.product-type.application";
		};
		7B3C44B7266089F0007BA029 /* JsonTestTests */ = {
			isa = PBXNativeTarget;
			buildConfigurationList = 7B3C44CF266089F0007BA029 /* Build configuration list for PBXNativeTarget "JsonTestTests" */;
			buildPhases = (
				B51DA5B1071410D5182FE7D1 /* [CP] Check Pods Manifest.lock */,
				7B3C44B4266089F0007BA029 /* Sources */,
				7B3C44B5266089F0007BA029 /* Frameworks */,
				7B3C44B6266089F0007BA029 /* Resources */,
			);
			buildRules = (
			);
			dependencies = (
				7B3C44BA266089F0007BA029 /* PBXTargetDependency */,
			);
			name = JsonTestTests;
			productName = JsonTestTests;
			productReference = 7B3C44B8266089F0007BA029 /* JsonTestTests.xctest */;
			productType = "com.apple.product-type.bundle.unit-test";
		};
		7B3C44C2266089F0007BA029 /* JsonTestUITests */ = {
			isa = PBXNativeTarget;
			buildConfigurationList = 7B3C44D2266089F0007BA029 /* Build configuration list for PBXNativeTarget "JsonTestUITests" */;
			buildPhases = (
				B33F1A8C172DBA87AAA4DFFB /* [CP] Check Pods Manifest.lock */,
				7B3C44BF266089F0007BA029 /* Sources */,
				7B3C44C0266089F0007BA029 /* Frameworks */,
				7B3C44C1266089F0007BA029 /* Resources */,
				0829BB1E907758FA7C3B39CB /* [CP] Embed Pods Frameworks */,
			);
			buildRules = (
			);
			dependencies = (
				7B3C44C5266089F0007BA029 /* PBXTargetDependency */,
			);
			name = JsonTestUITests;
			productName = JsonTestUITests;
			productReference = 7B3C44C3266089F0007BA029 /* JsonTestUITests.xctest */;
			productType = "com.apple.product-type.bundle.ui-testing";
		};
/* End PBXNativeTarget section */

/* Begin PBXProject section */
		7B3C4497266089F0007BA029 /* Project object */ = {
			isa = PBXProject;
			attributes = {
				LastSwiftUpdateCheck = 1250;
				LastUpgradeCheck = 1250;
				TargetAttributes = {
					7B3C449E266089F0007BA029 = {
						CreatedOnToolsVersion = 12.5;
					};
					7B3C44B7266089F0007BA029 = {
						CreatedOnToolsVersion = 12.5;
						TestTargetID = 7B3C449E266089F0007BA029;
					};
					7B3C44C2266089F0007BA029 = {
						CreatedOnToolsVersion = 12.5;
						TestTargetID = 7B3C449E266089F0007BA029;
					};
				};
			};
			buildConfigurationList = 7B3C449A266089F0007BA029 /* Build configuration list for PBXProject "JsonTest" */;
			compatibilityVersion = "Xcode 9.3";
			developmentRegion = en;
			hasScannedForEncodings = 0;
			knownRegions = (
				en,
				Base,
			);
			mainGroup = 7B3C4496266089F0007BA029;
			productRefGroup = 7B3C44A0266089F0007BA029 /* Products */;
			projectDirPath = "";
			projectRoot = "";
			targets = (
				7B3C449E266089F0007BA029 /* JsonTest */,
				7B3C44B7266089F0007BA029 /* JsonTestTests */,
				7B3C44C2266089F0007BA029 /* JsonTestUITests */,
			);
		};
/* End PBXProject section */

/* Begin PBXResourcesBuildPhase section */
		7B3C449D266089F0007BA029 /* Resources */ = {
			isa = PBXResourcesBuildPhase;
			buildActionMask = 2147483647;
			files = (
				7B3C44B2266089F0007BA029 /* LaunchScreen.storyboard in Resources */,
				7B3C44AF266089F0007BA029 /* Assets.xcassets in Resources */,
				7B3C44AA266089F0007BA029 /* Main.storyboard in Resources */,
			);
			runOnlyForDeploymentPostprocessing = 0;
		};
		7B3C44B6266089F0007BA029 /* Resources */ = {
			isa = PBXResourcesBuildPhase;
			buildActionMask = 2147483647;
			files = (
			);
			runOnlyForDeploymentPostprocessing = 0;
		};
		7B3C44C1266089F0007BA029 /* Resources */ = {
			isa = PBXResourcesBuildPhase;
			buildActionMask = 2147483647;
			files = (
			);
			runOnlyForDeploymentPostprocessing = 0;
		};
/* End PBXResourcesBuildPhase section */

/* Begin PBXShellScriptBuildPhase section */
		0829BB1E907758FA7C3B39CB /* [CP] Embed Pods Frameworks */ = {
			isa = PBXShellScriptBuildPhase;
			buildActionMask = 2147483647;
			files = (
			);
			inputFileListPaths = (
				"${PODS_ROOT}/Target Support Files/Pods-JsonTest-JsonTestUITests/Pods-JsonTest-JsonTestUITests-frameworks-${CONFIGURATION}-input-files.xcfilelist",
			);
			name = "[CP] Embed Pods Frameworks";
			outputFileListPaths = (
				"${PODS_ROOT}/Target Support Files/Pods-JsonTest-JsonTestUITests/Pods-JsonTest-JsonTestUITests-frameworks-${CONFIGURATION}-output-files.xcfilelist",
			);
			runOnlyForDeploymentPostprocessing = 0;
			shellPath = /bin/sh;
			shellScript = "\"${PODS_ROOT}/Target Support Files/Pods-JsonTest-JsonTestUITests/Pods-JsonTest-JsonTestUITests-frameworks.sh\"\n";
			showEnvVarsInLog = 0;
		};
		B33F1A8C172DBA87AAA4DFFB /* [CP] Check Pods Manifest.lock */ = {
			isa = PBXShellScriptBuildPhase;
			buildActionMask = 2147483647;
			files = (
			);
			inputFileListPaths = (
			);
			inputPaths = (
				"${PODS_PODFILE_DIR_PATH}/Podfile.lock",
				"${PODS_ROOT}/Manifest.lock",
			);
			name = "[CP] Check Pods Manifest.lock";
			outputFileListPaths = (
			);
			outputPaths = (
				"$(DERIVED_FILE_DIR)/Pods-JsonTest-JsonTestUITests-checkManifestLockResult.txt",
			);
			runOnlyForDeploymentPostprocessing = 0;
			shellPath = /bin/sh;
			shellScript = "diff \"${PODS_PODFILE_DIR_PATH}/Podfile.lock\" \"${PODS_ROOT}/Manifest.lock\" > /dev/null\nif [ $? != 0 ] ; then\n    # print error to STDERR\n    echo \"error: The sandbox is not in sync with the Podfile.lock. Run 'pod install' or update your CocoaPods installation.\" >&2\n    exit 1\nfi\n# This output is used by Xcode 'outputs' to avoid re-running this script phase.\necho \"SUCCESS\" > \"${SCRIPT_OUTPUT_FILE_0}\"\n";
			showEnvVarsInLog = 0;
		};
		B3D5FB92C5B7FD0BE36BB4E1 /* [CP] Check Pods Manifest.lock */ = {
			isa = PBXShellScriptBuildPhase;
			buildActionMask = 2147483647;
			files = (
			);
			inputFileListPaths = (
			);
			inputPaths = (
				"${PODS_PODFILE_DIR_PATH}/Podfile.lock",
				"${PODS_ROOT}/Manifest.lock",
			);
			name = "[CP] Check Pods Manifest.lock";
			outputFileListPaths = (
			);
			outputPaths = (
				"$(DERIVED_FILE_DIR)/Pods-JsonTest-checkManifestLockResult.txt",
			);
			runOnlyForDeploymentPostprocessing = 0;
			shellPath = /bin/sh;
			shellScript = "diff \"${PODS_PODFILE_DIR_PATH}/Podfile.lock\" \"${PODS_ROOT}/Manifest.lock\" > /dev/null\nif [ $? != 0 ] ; then\n    # print error to STDERR\n    echo \"error: The sandbox is not in sync with the Podfile.lock. Run 'pod install' or update your CocoaPods installation.\" >&2\n    exit 1\nfi\n# This output is used by Xcode 'outputs' to avoid re-running this script phase.\necho \"SUCCESS\" > \"${SCRIPT_OUTPUT_FILE_0}\"\n";
			showEnvVarsInLog = 0;
		};
		B51DA5B1071410D5182FE7D1 /* [CP] Check Pods Manifest.lock */ = {
			isa = PBXShellScriptBuildPhase;
			buildActionMask = 2147483647;
			files = (
			);
			inputFileListPaths = (
			);
			inputPaths = (
				"${PODS_PODFILE_DIR_PATH}/Podfile.lock",
				"${PODS_ROOT}/Manifest.lock",
			);
			name = "[CP] Check Pods Manifest.lock";
			outputFileListPaths = (
			);
			outputPaths = (
				"$(DERIVED_FILE_DIR)/Pods-JsonTestTests-checkManifestLockResult.txt",
			);
			runOnlyForDeploymentPostprocessing = 0;
			shellPath = /bin/sh;
			shellScript = "diff \"${PODS_PODFILE_DIR_PATH}/Podfile.lock\" \"${PODS_ROOT}/Manifest.lock\" > /dev/null\nif [ $? != 0 ] ; then\n    # print error to STDERR\n    echo \"error: The sandbox is not in sync with the Podfile.lock. Run 'pod install' or update your CocoaPods installation.\" >&2\n    exit 1\nfi\n# This output is used by Xcode 'outputs' to avoid re-running this script phase.\necho \"SUCCESS\" > \"${SCRIPT_OUTPUT_FILE_0}\"\n";
			showEnvVarsInLog = 0;
		};
		E1A0886B76F65F5FB1C6C676 /* [CP] Embed Pods Frameworks */ = {
			isa = PBXShellScriptBuildPhase;
			buildActionMask = 2147483647;
			files = (
			);
			inputFileListPaths = (
				"${PODS_ROOT}/Target Support Files/Pods-JsonTest/Pods-JsonTest-frameworks-${CONFIGURATION}-input-files.xcfilelist",
			);
			name = "[CP] Embed Pods Frameworks";
			outputFileListPaths = (
				"${PODS_ROOT}/Target Support Files/Pods-JsonTest/Pods-JsonTest-frameworks-${CONFIGURATION}-output-files.xcfilelist",
			);
			runOnlyForDeploymentPostprocessing = 0;
			shellPath = /bin/sh;
			shellScript = "\"${PODS_ROOT}/Target Support Files/Pods-JsonTest/Pods-JsonTest-frameworks.sh\"\n";
			showEnvVarsInLog = 0;
		};
/* End PBXShellScriptBuildPhase section */

/* Begin PBXSourcesBuildPhase section */
		7B3C449B266089F0007BA029 /* Sources */ = {
			isa = PBXSourcesBuildPhase;
			buildActionMask = 2147483647;
			files = (
				7B3C44A7266089F0007BA029 /* ViewController.swift in Sources */,
				7B3C44A3266089F0007BA029 /* AppDelegate.swift in Sources */,
				7B3C44A5266089F0007BA029 /* SceneDelegate.swift in Sources */,
				7B3C44AD266089F0007BA029 /* JsonTest.xcdatamodeld in Sources */,
			);
			runOnlyForDeploymentPostprocessing = 0;
		};
		7B3C44B4266089F0007BA029 /* Sources */ = {
			isa = PBXSourcesBuildPhase;
			buildActionMask = 2147483647;
			files = (
				7B3C44BD266089F0007BA029 /* JsonTestTests.swift in Sources */,
			);
			runOnlyForDeploymentPostprocessing = 0;
		};
		7B3C44BF266089F0007BA029 /* Sources */ = {
			isa = PBXSourcesBuildPhase;
			buildActionMask = 2147483647;
			files = (
				7B3C44C8266089F0007BA029 /* JsonTestUITests.swift in Sources */,
			);
			runOnlyForDeploymentPostprocessing = 0;
		};
/* End PBXSourcesBuildPhase section */

/* Begin PBXTargetDependency section */
		7B3C44BA266089F0007BA029 /* PBXTargetDependency */ = {
			isa = PBXTargetDependency;
			target = 7B3C449E266089F0007BA029 /* JsonTest */;
			targetProxy = 7B3C44B9266089F0007BA029 /* PBXContainerItemProxy */;
		};
		7B3C44C5266089F0007BA029 /* PBXTargetDependency */ = {
			isa = PBXTargetDependency;
			target = 7B3C449E266089F0007BA029 /* JsonTest */;
			targetProxy = 7B3C44C4266089F0007BA029 /* PBXContainerItemProxy */;
		};
/* End PBXTargetDependency section */

/* Begin PBXVariantGroup section */
		7B3C44A8266089F0007BA029 /* Main.storyboard */ = {
			isa = PBXVariantGroup;
			children = (
				7B3C44A9266089F0007BA029 /* Base */,
			);
			name = Main.storyboard;
			sourceTree = "<group>";
		};
		7B3C44B0266089F0007BA029 /* LaunchScreen.storyboard */ = {
			isa = PBXVariantGroup;
			children = (
				7B3C44B1266089F0007BA029 /* Base */,
			);
			name = LaunchScreen.storyboard;
			sourceTree = "<group>";
		};
/* End PBXVariantGroup section */

/* Begin XCBuildConfiguration section */
		7B3C44CA266089F0007BA029 /* Debug */ = {
			isa = XCBuildConfiguration;
			buildSettings = {
				ALWAYS_SEARCH_USER_PATHS = NO;
				CLANG_ANALYZER_NONNULL = YES;
				CLANG_ANALYZER_NUMBER_OBJECT_CONVERSION = YES_AGGRESSIVE;
				CLANG_CXX_LANGUAGE_STANDARD = "gnu++14";
				CLANG_CXX_LIBRARY = "libc++";
				CLANG_ENABLE_MODULES = YES;
				CLANG_ENABLE_OBJC_ARC = YES;
				CLANG_ENABLE_OBJC_WEAK = YES;
				CLANG_WARN_BLOCK_CAPTURE_AUTORELEASING = YES;
				CLANG_WARN_BOOL_CONVERSION = YES;
				CLANG_WARN_COMMA = YES;
				CLANG_WARN_CONSTANT_CONVERSION = YES;
				CLANG_WARN_DEPRECATED_OBJC_IMPLEMENTATIONS = YES;
				CLANG_WARN_DIRECT_OBJC_ISA_USAGE = YES_ERROR;
				CLANG_WARN_DOCUMENTATION_COMMENTS = YES;
				CLANG_WARN_EMPTY_BODY = YES;
				CLANG_WARN_ENUM_CONVERSION = YES;
				CLANG_WARN_INFINITE_RECURSION = YES;
				CLANG_WARN_INT_CONVERSION = YES;
				CLANG_WARN_NON_LITERAL_NULL_CONVERSION = YES;
				CLANG_WARN_OBJC_IMPLICIT_RETAIN_SELF = YES;
				CLANG_WARN_OBJC_LITERAL_CONVERSION = YES;
				CLANG_WARN_OBJC_ROOT_CLASS = YES_ERROR;
				CLANG_WARN_QUOTED_INCLUDE_IN_FRAMEWORK_HEADER = YES;
				CLANG_WARN_RANGE_LOOP_ANALYSIS = YES;
				CLANG_WARN_STRICT_PROTOTYPES = YES;
				CLANG_WARN_SUSPICIOUS_MOVE = YES;
				CLANG_WARN_UNGUARDED_AVAILABILITY = YES_AGGRESSIVE;
				CLANG_WARN_UNREACHABLE_CODE = YES;
				CLANG_WARN__DUPLICATE_METHOD_MATCH = YES;
				COPY_PHASE_STRIP = NO;
				DEBUG_INFORMATION_FORMAT = dwarf;
				ENABLE_STRICT_OBJC_MSGSEND = YES;
				ENABLE_TESTABILITY = YES;
				GCC_C_LANGUAGE_STANDARD = gnu11;
				GCC_DYNAMIC_NO_PIC = NO;
				GCC_NO_COMMON_BLOCKS = YES;
				GCC_OPTIMIZATION_LEVEL = 0;
				GCC_PREPROCESSOR_DEFINITIONS = (
					"DEBUG=1",
					"$(inherited)",
				);
				GCC_WARN_64_TO_32_BIT_CONVERSION = YES;
				GCC_WARN_ABOUT_RETURN_TYPE = YES_ERROR;
				GCC_WARN_UNDECLARED_SELECTOR = YES;
				GCC_WARN_UNINITIALIZED_AUTOS = YES_AGGRESSIVE;
				GCC_WARN_UNUSED_FUNCTION = YES;
				GCC_WARN_UNUSED_VARIABLE = YES;
				IPHONEOS_DEPLOYMENT_TARGET = 14.5;
				MTL_ENABLE_DEBUG_INFO = INCLUDE_SOURCE;
				MTL_FAST_MATH = YES;
				ONLY_ACTIVE_ARCH = YES;
				SDKROOT = iphoneos;
				SWIFT_ACTIVE_COMPILATION_CONDITIONS = DEBUG;
				SWIFT_OPTIMIZATION_LEVEL = "-Onone";
			};
			name = Debug;
		};
		7B3C44CB266089F0007BA029 /* Release */ = {
			isa = XCBuildConfiguration;
			buildSettings = {
				ALWAYS_SEARCH_USER_PATHS = NO;
				CLANG_ANALYZER_NONNULL = YES;
				CLANG_ANALYZER_NUMBER_OBJECT_CONVERSION = YES_AGGRESSIVE;
				CLANG_CXX_LANGUAGE_STANDARD = "gnu++14";
				CLANG_CXX_LIBRARY = "libc++";
				CLANG_ENABLE_MODULES = YES;
				CLANG_ENABLE_OBJC_ARC = YES;
				CLANG_ENABLE_OBJC_WEAK = YES;
				CLANG_WARN_BLOCK_CAPTURE_AUTORELEASING = YES;
				CLANG_WARN_BOOL_CONVERSION = YES;
				CLANG_WARN_COMMA = YES;
				CLANG_WARN_CONSTANT_CONVERSION = YES;
				CLANG_WARN_DEPRECATED_OBJC_IMPLEMENTATIONS = YES;
				CLANG_WARN_DIRECT_OBJC_ISA_USAGE = YES_ERROR;
				CLANG_WARN_DOCUMENTATION_COMMENTS = YES;
				CLANG_WARN_EMPTY_BODY = YES;
				CLANG_WARN_ENUM_CONVERSION = YES;
				CLANG_WARN_INFINITE_RECURSION = YES;
				CLANG_WARN_INT_CONVERSION = YES;
				CLANG_WARN_NON_LITERAL_NULL_CONVERSION = YES;
				CLANG_WARN_OBJC_IMPLICIT_RETAIN_SELF = YES;
				CLANG_WARN_OBJC_LITERAL_CONVERSION = YES;
				CLANG_WARN_OBJC_ROOT_CLASS = YES_ERROR;
				CLANG_WARN_QUOTED_INCLUDE_IN_FRAMEWORK_HEADER = YES;
				CLANG_WARN_RANGE_LOOP_ANALYSIS = YES;
				CLANG_WARN_STRICT_PROTOTYPES = YES;
				CLANG_WARN_SUSPICIOUS_MOVE = YES;
				CLANG_WARN_UNGUARDED_AVAILABILITY = YES_AGGRESSIVE;
				CLANG_WARN_UNREACHABLE_CODE = YES;
				CLANG_WARN__DUPLICATE_METHOD_MATCH = YES;
				COPY_PHASE_STRIP = NO;
				DEBUG_INFORMATION_FORMAT = "dwarf-with-dsym";
				ENABLE_NS_ASSERTIONS = NO;
				ENABLE_STRICT_OBJC_MSGSEND = YES;
				GCC_C_LANGUAGE_STANDARD = gnu11;
				GCC_NO_COMMON_BLOCKS = YES;
				GCC_WARN_64_TO_32_BIT_CONVERSION = YES;
				GCC_WARN_ABOUT_RETURN_TYPE = YES_ERROR;
				GCC_WARN_UNDECLARED_SELECTOR = YES;
				GCC_WARN_UNINITIALIZED_AUTOS = YES_AGGRESSIVE;
				GCC_WARN_UNUSED_FUNCTION = YES;
				GCC_WARN_UNUSED_VARIABLE = YES;
				IPHONEOS_DEPLOYMENT_TARGET = 14.5;
				MTL_ENABLE_DEBUG_INFO = NO;
				MTL_FAST_MATH = YES;
				SDKROOT = iphoneos;
				SWIFT_COMPILATION_MODE = wholemodule;
				SWIFT_OPTIMIZATION_LEVEL = "-O";
				VALIDATE_PRODUCT = YES;
			};
			name = Release;
		};
		7B3C44CD266089F0007BA029 /* Debug */ = {
			isa = XCBuildConfiguration;
			baseConfigurationReference = 901D581C9DE14D52D67F74ED /* Pods-JsonTest.debug.xcconfig */;
			buildSettings = {
				ASSETCATALOG_COMPILER_APPICON_NAME = AppIcon;
				ASSETCATALOG_COMPILER_GLOBAL_ACCENT_COLOR_NAME = AccentColor;
				CODE_SIGN_STYLE = Automatic;
				DEVELOPMENT_TEAM = JH5XV3K6QU;
				INFOPLIST_FILE = JsonTest/Info.plist;
				LD_RUNPATH_SEARCH_PATHS = (
					"$(inherited)",
					"@executable_path/Frameworks",
				);
				PRODUCT_BUNDLE_IDENTIFIER = kr.co.peppi.JsonTest;
				PRODUCT_NAME = "$(TARGET_NAME)";
				SWIFT_VERSION = 5.0;
				TARGETED_DEVICE_FAMILY = "1,2";
			};
			name = Debug;
		};
		7B3C44CE266089F0007BA029 /* Release */ = {
			isa = XCBuildConfiguration;
			baseConfigurationReference = 64C86BBB33489CFC24574E5F /* Pods-JsonTest.release.xcconfig */;
			buildSettings = {
				ASSETCATALOG_COMPILER_APPICON_NAME = AppIcon;
				ASSETCATALOG_COMPILER_GLOBAL_ACCENT_COLOR_NAME = AccentColor;
				CODE_SIGN_STYLE = Automatic;
				DEVELOPMENT_TEAM = JH5XV3K6QU;
				INFOPLIST_FILE = JsonTest/Info.plist;
				LD_RUNPATH_SEARCH_PATHS = (
					"$(inherited)",
					"@executable_path/Frameworks",
				);
				PRODUCT_BUNDLE_IDENTIFIER = kr.co.peppi.JsonTest;
				PRODUCT_NAME = "$(TARGET_NAME)";
				SWIFT_VERSION = 5.0;
				TARGETED_DEVICE_FAMILY = "1,2";
			};
			name = Release;
		};
		7B3C44D0266089F0007BA029 /* Debug */ = {
			isa = XCBuildConfiguration;
			baseConfigurationReference = 60DF96C34A1E0C5F063FF34F /* Pods-JsonTestTests.debug.xcconfig */;
			buildSettings = {
				ALWAYS_EMBED_SWIFT_STANDARD_LIBRARIES = YES;
				BUNDLE_LOADER = "$(TEST_HOST)";
				CODE_SIGN_STYLE = Automatic;
				DEVELOPMENT_TEAM = JH5XV3K6QU;
				INFOPLIST_FILE = JsonTestTests/Info.plist;
				IPHONEOS_DEPLOYMENT_TARGET = 14.5;
				LD_RUNPATH_SEARCH_PATHS = (
					"$(inherited)",
					"@executable_path/Frameworks",
					"@loader_path/Frameworks",
				);
				PRODUCT_BUNDLE_IDENTIFIER = kr.co.peppi.JsonTestTests;
				PRODUCT_NAME = "$(TARGET_NAME)";
				SWIFT_VERSION = 5.0;
				TARGETED_DEVICE_FAMILY = "1,2";
				TEST_HOST = "$(BUILT_PRODUCTS_DIR)/JsonTest.app/JsonTest";
			};
			name = Debug;
		};
		7B3C44D1266089F0007BA029 /* Release */ = {
			isa = XCBuildConfiguration;
			baseConfigurationReference = E218F104113F0BFDBDD96014 /* Pods-JsonTestTests.release.xcconfig */;
			buildSettings = {
				ALWAYS_EMBED_SWIFT_STANDARD_LIBRARIES = YES;
				BUNDLE_LOADER = "$(TEST_HOST)";
				CODE_SIGN_STYLE = Automatic;
				DEVELOPMENT_TEAM = JH5XV3K6QU;
				INFOPLIST_FILE = JsonTestTests/Info.plist;
				IPHONEOS_DEPLOYMENT_TARGET = 14.5;
				LD_RUNPATH_SEARCH_PATHS = (
					"$(inherited)",
					"@executable_path/Frameworks",
					"@loader_path/Frameworks",
				);
				PRODUCT_BUNDLE_IDENTIFIER = kr.co.peppi.JsonTestTests;
				PRODUCT_NAME = "$(TARGET_NAME)";
				SWIFT_VERSION = 5.0;
				TARGETED_DEVICE_FAMILY = "1,2";
				TEST_HOST = "$(BUILT_PRODUCTS_DIR)/JsonTest.app/JsonTest";
			};
			name = Release;
		};
		7B3C44D3266089F0007BA029 /* Debug */ = {
			isa = XCBuildConfiguration;
			baseConfigurationReference = C470178DE54E8BC2A7C07CFF /* Pods-JsonTest-JsonTestUITests.debug.xcconfig */;
			buildSettings = {
				ALWAYS_EMBED_SWIFT_STANDARD_LIBRARIES = YES;
				CODE_SIGN_STYLE = Automatic;
				DEVELOPMENT_TEAM = JH5XV3K6QU;
				INFOPLIST_FILE = JsonTestUITests/Info.plist;
				LD_RUNPATH_SEARCH_PATHS = (
					"$(inherited)",
					"@executable_path/Frameworks",
					"@loader_path/Frameworks",
				);
				PRODUCT_BUNDLE_IDENTIFIER = kr.co.peppi.JsonTestUITests;
				PRODUCT_NAME = "$(TARGET_NAME)";
				SWIFT_VERSION = 5.0;
				TARGETED_DEVICE_FAMILY = "1,2";
				TEST_TARGET_NAME = JsonTest;
			};
			name = Debug;
		};
		7B3C44D4266089F0007BA029 /* Release */ = {
			isa = XCBuildConfiguration;
			baseConfigurationReference = F70A4461ABC07D334E990404 /* Pods-JsonTest-JsonTestUITests.release.xcconfig */;
			buildSettings = {
				ALWAYS_EMBED_SWIFT_STANDARD_LIBRARIES = YES;
				CODE_SIGN_STYLE = Automatic;
				DEVELOPMENT_TEAM = JH5XV3K6QU;
				INFOPLIST_FILE = JsonTestUITests/Info.plist;
				LD_RUNPATH_SEARCH_PATHS = (
					"$(inherited)",
					"@executable_path/Frameworks",
					"@loader_path/Frameworks",
				);
				PRODUCT_BUNDLE_IDENTIFIER = kr.co.peppi.JsonTestUITests;
				PRODUCT_NAME = "$(TARGET_NAME)";
				SWIFT_VERSION = 5.0;
				TARGETED_DEVICE_FAMILY = "1,2";
				TEST_TARGET_NAME = JsonTest;
			};
			name = Release;
		};
/* End XCBuildConfiguration section */

/* Begin XCConfigurationList section */
		7B3C449A266089F0007BA029 /* Build configuration list for PBXProject "JsonTest" */ = {
			isa = XCConfigurationList;
			buildConfigurations = (
				7B3C44CA266089F0007BA029 /* Debug */,
				7B3C44CB266089F0007BA029 /* Release */,
			);
			defaultConfigurationIsVisible = 0;
			defaultConfigurationName = Release;
		};
		7B3C44CC266089F0007BA029 /* Build configuration list for PBXNativeTarget "JsonTest" */ = {
			isa = XCConfigurationList;
			buildConfigurations = (
				7B3C44CD266089F0007BA029 /* Debug */,
				7B3C44CE266089F0007BA029 /* Release */,
			);
			defaultConfigurationIsVisible = 0;
			defaultConfigurationName = Release;
		};
		7B3C44CF266089F0007BA029 /* Build configuration list for PBXNativeTarget "JsonTestTests" */ = {
			isa = XCConfigurationList;
			buildConfigurations = (
				7B3C44D0266089F0007BA029 /* Debug */,
				7B3C44D1266089F0007BA029 /* Release */,
			);
			defaultConfigurationIsVisible = 0;
			defaultConfigurationName = Release;
		};
		7B3C44D2266089F0007BA029 /* Build configuration list for PBXNativeTarget "JsonTestUITests" */ = {
			isa = XCConfigurationList;
			buildConfigurations = (
				7B3C44D3266089F0007BA029 /* Debug */,
				7B3C44D4266089F0007BA029 /* Release */,
			);
			defaultConfigurationIsVisible = 0;
			defaultConfigurationName = Release;
		};
/* End XCConfigurationList section */

/* Begin XCVersionGroup section */
		7B3C44AB266089F0007BA029 /* JsonTest.xcdatamodeld */ = {
			isa = XCVersionGroup;
			children = (
				7B3C44AC266089F0007BA029 /* JsonTest.xcdatamodel */,
			);
			currentVersion = 7B3C44AC266089F0007BA029 /* JsonTest.xcdatamodel */;
			path = JsonTest.xcdatamodeld;
			sourceTree = "<group>";
			versionGroupType = wrapper.xcdatamodel;
		};
/* End XCVersionGroup section */
	};
	rootObject = 7B3C4497266089F0007BA029 /* Project object */;
}
